
Microsoft Visual Studio Solution File, Format Version 12.00
# Visual Studio Version 16
VisualStudioVersion = 16.0.31515.178
MinimumVisualStudioVersion = 10.0.40219.1
Project("{FAE04EC0-301F-11D3-BF4B-00C04F79EFBC}") = "AurielGamesLauncher", "AurielGamesLauncher\AurielGamesLauncher.csproj", "{3EFE42D1-7C1B-4532-9D1E-700F7FB1BBE4}"
EndProject
Project("{FAE04EC0-301F-11D3-BF4B-00C04F79EFBC}") = "Models", "Models\Models.csproj", "{D6454B1A-64F3-4CD3-9DA3-DADCBB30E5C1}"
EndProject
Global
	GlobalSection(SolutionConfigurationPlatforms) = preSolution
		Debug|Any CPU = Debug|Any CPU
		Release|Any CPU = Release|Any CPU
	EndGlobalSection
	GlobalSection(ProjectConfigurationPlatforms) = postSolution
		{3EFE42D1-7C1B-4532-9D1E-700F7FB1BBE4}.Debug|Any CPU.ActiveCfg = Debug|Any CPU
		{3EFE42D1-7C1B-4532-9D1E-700F7FB1BBE4}.Debug|Any CPU.Build.0 = Debug|Any CPU
		{3EFE42D1-7C1B-4532-9D1E-700F7FB1BBE4}.Release|Any CPU.ActiveCfg = Release|Any CPU
		{3EFE42D1-7C1B-4532-9D1E-700F7FB1BBE4}.Release|Any CPU.Build.0 = Release|Any CPU
		{D6454B1A-64F3-4CD3-9DA3-DADCBB30E5C1}.Debug|Any CPU.ActiveCfg = Debug|Any CPU
		{D6454B1A-64F3-4CD3-9DA3-DADCBB30E5C1}.Debug|Any CPU.Build.0 = Debug|Any CPU
		{D6454B1A-64F3-4CD3-9DA3-DADCBB30E5C1}.Release|Any CPU.ActiveCfg = Release|Any CPU
		{D6454B1A-64F3-4CD3-9DA3-DADCBB30E5C1}.Release|Any CPU.Build.0 = Release|Any CPU
	EndGlobalSection
	GlobalSection(SolutionProperties) = preSolution
		HideSolutionNode = FALSE
	EndGlobalSection
	GlobalSection(ExtensibilityGlobals) = postSolution
		SolutionGuid = {B7CA7119-6D56-40DB-BD7D-F571E91C94F7}
	EndGlobalSection
EndGlobal
